// !$*UTF8*$!
{
	archiveVersion = 1;
	classes = {
	};
	objectVersion = 56;
	objects = {

/* Begin PBXBuildFile section */
		E2EFC1242A9C2BCD00F3ECEB /* webView_exampleApp.swift in Sources */ = {isa = PBXBuildFile; fileRef = E2EFC1232A9C2BCD00F3ECEB /* webView_exampleApp.swift */; };
		E2EFC1262A9C2BCD00F3ECEB /* ContentView.swift in Sources */ = {isa = PBXBuildFile; fileRef = E2EFC1252A9C2BCD00F3ECEB /* ContentView.swift */; };
		E2EFC1282A9C2BCF00F3ECEB /* Assets.xcassets in Resources */ = {isa = PBXBuildFile; fileRef = E2EFC1272A9C2BCF00F3ECEB /* Assets.xcassets */; };
		E2EFC12B2A9C2BCF00F3ECEB /* Preview Assets.xcassets in Resources */ = {isa = PBXBuildFile; fileRef = E2EFC12A2A9C2BCF00F3ECEB /* Preview Assets.xcassets */; };
		E2EFC1322A9C374300F3ECEB /* PresentWebView.swift in Sources */ = {isa = PBXBuildFile; fileRef = E2EFC1312A9C374300F3ECEB /* PresentWebView.swift */; };
/* End PBXBuildFile section */

/* Begin PBXFileReference section */
		E2EFC1202A9C2BCD00F3ECEB /* webView_example.app */ = {isa = PBXFileReference; explicitFileType = wrapper.application; includeInIndex = 0; path = webView_example.app; sourceTree = BUILT_PRODUCTS_DIR; };
		E2EFC1232A9C2BCD00F3ECEB /* webView_exampleApp.swift */ = {isa = PBXFileReference; lastKnownFileType = sourcecode.swift; path = webView_exampleApp.swift; sourceTree = "<group>"; };
		E2EFC1252A9C2BCD00F3ECEB /* ContentView.swift */ = {isa = PBXFileReference; lastKnownFileType = sourcecode.swift; path = ContentView.swift; sourceTree = "<group>"; };
		E2EFC1272A9C2BCF00F3ECEB /* Assets.xcassets */ = {isa = PBXFileReference; lastKnownFileType = folder.assetcatalog; path = Assets.xcassets; sourceTree = "<group>"; };
		E2EFC12A2A9C2BCF00F3ECEB /* Preview Assets.xcassets */ = {isa = PBXFileReference; lastKnownFileType = folder.assetcatalog; path = "Preview Assets.xcassets"; sourceTree = "<group>"; };
		E2EFC1312A9C374300F3ECEB /* PresentWebView.swift */ = {isa = PBXFileReference; lastKnownFileType = sourcecode.swift; path = PresentWebView.swift; sourceTree = "<group>"; };
/* End PBXFileReference section */

/* Begin PBXFrameworksBuildPhase section */
		E2EFC11D2A9C2BCD00F3ECEB /* Frameworks */ = {
			isa = PBXFrameworksBuildPhase;
			buildActionMask = 2147483647;
			files = (
			);
			runOnlyForDeploymentPostprocessing = 0;
		};
/* End PBXFrameworksBuildPhase section */

/* Begin PBXGroup section */
		E2EFC1172A9C2BCD00F3ECEB = {
			isa = PBXGroup;
			children = (
				E2EFC1222A9C2BCD00F3ECEB /* webView_example */,
				E2EFC1212A9C2BCD00F3ECEB /* Products */,
			);
			sourceTree = "<group>";
		};
		E2EFC1212A9C2BCD00F3ECEB /* Products */ = {
			isa = PBXGroup;
			children = (
				E2EFC1202A9C2BCD00F3ECEB /* webView_example.app */,
			);
			name = Products;
			sourceTree = "<group>";
		};
		E2EFC1222A9C2BCD00F3ECEB /* webView_example */ = {
			isa = PBXGroup;
			children = (
				E2EFC1232A9C2BCD00F3ECEB /* webView_exampleApp.swift */,
				E2EFC1252A9C2BCD00F3ECEB /* ContentView.swift */,
				E2EFC1272A9C2BCF00F3ECEB /* Assets.xcassets */,
				E2EFC1292A9C2BCF00F3ECEB /* Preview Content */,
				E2EFC1312A9C374300F3ECEB /* PresentWebView.swift */,
			);
			path = webView_example;
			sourceTree = "<group>";
		};
		E2EFC1292A9C2BCF00F3ECEB /* Preview Content */ = {
			isa = PBXGroup;
			children = (
				E2EFC12A2A9C2BCF00F3ECEB /* Preview Assets.xcassets */,
			);
			path = "Preview Content";
			sourceTree = "<group>";
		};
/* End PBXGroup section */

/* Begin PBXNativeTarget section */
		E2EFC11F2A9C2BCD00F3ECEB /* webView_example */ = {
			isa = PBXNativeTarget;
			buildConfigurationList = E2EFC12E2A9C2BCF00F3ECEB /* Build configuration list for PBXNativeTarget "webView_example" */;
			buildPhases = (
				E2EFC11C2A9C2BCD00F3ECEB /* Sources */,
				E2EFC11D2A9C2BCD00F3ECEB /* Frameworks */,
				E2EFC11E2A9C2BCD00F3ECEB /* Resources */,
			);
			buildRules = (
			);
			dependencies = (
			);
			name = webView_example;
			productName = webView_example;
			productReference = E2EFC1202A9C2BCD00F3ECEB /* webView_example.app */;
			productType = "com.apple.product-type.application";
		};
/* End PBXNativeTarget section */

/* Begin PBXProject section */
		E2EFC1182A9C2BCD00F3ECEB /* Project object */ = {
			isa = PBXProject;
			attributes = {
				BuildIndependentTargetsInParallel = 1;
				LastSwiftUpdateCheck = 1420;
				LastUpgradeCheck = 1420;
				TargetAttributes = {
					E2EFC11F2A9C2BCD00F3ECEB = {
						CreatedOnToolsVersion = 14.2;
					};
				};
			};
			buildConfigurationList = E2EFC11B2A9C2BCD00F3ECEB /* Build configuration list for PBXProject "webView_example" */;
			compatibilityVersion = "Xcode 14.0";
			developmentRegion = en;
			hasScannedForEncodings = 0;
			knownRegions = (
				en,
				Base,
			);
			mainGroup = E2EFC1172A9C2BCD00F3ECEB;
			productRefGroup = E2EFC1212A9C2BCD00F3ECEB /* Products */;
			projectDirPath = "";
			projectRoot = "";
			targets = (
				E2EFC11F2A9C2BCD00F3ECEB /* webView_example */,
			);
		};
/* End PBXProject section */

/* Begin PBXResourcesBuildPhase section */
		E2EFC11E2A9C2BCD00F3ECEB /* Resources */ = {
			isa = PBXResourcesBuildPhase;
			buildActionMask = 2147483647;
			files = (
				E2EFC12B2A9C2BCF00F3ECEB /* Preview Assets.xcassets in Resources */,
				E2EFC1282A9C2BCF00F3ECEB /* Assets.xcassets in Resources */,
			);
			runOnlyForDeploymentPostprocessing = 0;
		};
/* End PBXResourcesBuildPhase section */

/* Begin PBXSourcesBuildPhase section */
		E2EFC11C2A9C2BCD00F3ECEB /* Sources */ = {
			isa = PBXSourcesBuildPhase;
			buildActionMask = 2147483647;
			files = (
				E2EFC1322A9C374300F3ECEB /* PresentWebView.swift in Sources */,
				E2EFC1262A9C2BCD00F3ECEB /* ContentView.swift in Sources */,
				E2EFC1242A9C2BCD00F3ECEB /* webView_exampleApp.swift in Sources */,
			);
			runOnlyForDeploymentPostprocessing = 0;
		};
/* End PBXSourcesBuildPhase section */

/* Begin XCBuildConfiguration section */
		E2EFC12C2A9C2BCF00F3ECEB /* Debug */ = {
			isa = XCBuildConfiguration;
			buildSettings = {
				ALWAYS_SEARCH_USER_PATHS = NO;
				CLANG_ANALYZER_NONNULL = YES;
				CLANG_ANALYZER_NUMBER_OBJECT_CONVERSION = YES_AGGRESSIVE;
				CLANG_CXX_LANGUAGE_STANDARD = "gnu++20";
				CLANG_ENABLE_MODULES = YES;
				CLANG_ENABLE_OBJC_ARC = YES;
				CLANG_ENABLE_OBJC_WEAK = YES;
				CLANG_WARN_BLOCK_CAPTURE_AUTORELEASING = YES;
				CLANG_WARN_BOOL_CONVERSION = YES;
				CLANG_WARN_COMMA = YES;
				CLANG_WARN_CONSTANT_CONVERSION = YES;
				CLANG_WARN_DEPRECATED_OBJC_IMPLEMENTATIONS = YES;
				CLANG_WARN_DIRECT_OBJC_ISA_USAGE = YES_ERROR;
				CLANG_WARN_DOCUMENTATION_COMMENTS = YES;
				CLANG_WARN_EMPTY_BODY = YES;
				CLANG_WARN_ENUM_CONVERSION = YES;
				CLANG_WARN_INFINITE_RECURSION = YES;
				CLANG_WARN_INT_CONVERSION = YES;
				CLANG_WARN_NON_LITERAL_NULL_CONVERSION = YES;
				CLANG_WARN_OBJC_IMPLICIT_RETAIN_SELF = YES;
				CLANG_WARN_OBJC_LITERAL_CONVERSION = YES;
				CLANG_WARN_OBJC_ROOT_CLASS = YES_ERROR;
				CLANG_WARN_QUOTED_INCLUDE_IN_FRAMEWORK_HEADER = YES;
				CLANG_WARN_RANGE_LOOP_ANALYSIS = YES;
				CLANG_WARN_STRICT_PROTOTYPES = YES;
				CLANG_WARN_SUSPICIOUS_MOVE = YES;
				CLANG_WARN_UNGUARDED_AVAILABILITY = YES_AGGRESSIVE;
				CLANG_WARN_UNREACHABLE_CODE = YES;
				CLANG_WARN__DUPLICATE_METHOD_MATCH = YES;
				COPY_PHASE_STRIP = NO;
				DEBUG_INFORMATION_FORMAT = dwarf;
				ENABLE_STRICT_OBJC_MSGSEND = YES;
				ENABLE_TESTABILITY = YES;
				GCC_C_LANGUAGE_STANDARD = gnu11;
				GCC_DYNAMIC_NO_PIC = NO;
				GCC_NO_COMMON_BLOCKS = YES;
				GCC_OPTIMIZATION_LEVEL = 0;
				GCC_PREPROCESSOR_DEFINITIONS = (
					"DEBUG=1",
					"$(inherited)",
				);
				GCC_WARN_64_TO_32_BIT_CONVERSION = YES;
				GCC_WARN_ABOUT_RETURN_TYPE = YES_ERROR;
				GCC_WARN_UNDECLARED_SELECTOR = YES;
				GCC_WARN_UNINITIALIZED_AUTOS = YES_AGGRESSIVE;
				GCC_WARN_UNUSED_FUNCTION = YES;
				GCC_WARN_UNUSED_VARIABLE = YES;
				IPHONEOS_DEPLOYMENT_TARGET = 16.2;
				MTL_ENABLE_DEBUG_INFO = INCLUDE_SOURCE;
				MTL_FAST_MATH = YES;
				ONLY_ACTIVE_ARCH = YES;
				SDKROOT = iphoneos;
				SWIFT_ACTIVE_COMPILATION_CONDITIONS = DEBUG;
				SWIFT_OPTIMIZATION_LEVEL = "-Onone";
			};
			name = Debug;
		};
		E2EFC12D2A9C2BCF00F3ECEB /* Release */ = {
			isa = XCBuildConfiguration;
			buildSettings = {
				ALWAYS_SEARCH_USER_PATHS = NO;
				CLANG_ANALYZER_NONNULL = YES;
				CLANG_ANALYZER_NUMBER_OBJECT_CONVERSION = YES_AGGRESSIVE;
				CLANG_CXX_LANGUAGE_STANDARD = "gnu++20";
				CLANG_ENABLE_MODULES = YES;
				CLANG_ENABLE_OBJC_ARC = YES;
				CLANG_ENABLE_OBJC_WEAK = YES;
				CLANG_WARN_BLOCK_CAPTURE_AUTORELEASING = YES;
				CLANG_WARN_BOOL_CONVERSION = YES;
				CLANG_WARN_COMMA = YES;
				CLANG_WARN_CONSTANT_CONVERSION = YES;
				CLANG_WARN_DEPRECATED_OBJC_IMPLEMENTATIONS = YES;
				CLANG_WARN_DIRECT_OBJC_ISA_USAGE = YES_ERROR;
				CLANG_WARN_DOCUMENTATION_COMMENTS = YES;
				CLANG_WARN_EMPTY_BODY = YES;
				CLANG_WARN_ENUM_CONVERSION = YES;
				CLANG_WARN_INFINITE_RECURSION = YES;
				CLANG_WARN_INT_CONVERSION = YES;
				CLANG_WARN_NON_LITERAL_NULL_CONVERSION = YES;
				CLANG_WARN_OBJC_IMPLICIT_RETAIN_SELF = YES;
				CLANG_WARN_OBJC_LITERAL_CONVERSION = YES;
				CLANG_WARN_OBJC_ROOT_CLASS = YES_ERROR;
				CLANG_WARN_QUOTED_INCLUDE_IN_FRAMEWORK_HEADER = YES;
				CLANG_WARN_RANGE_LOOP_ANALYSIS = YES;
				CLANG_WARN_STRICT_PROTOTYPES = YES;
				CLANG_WARN_SUSPICIOUS_MOVE = YES;
				CLANG_WARN_UNGUARDED_AVAILABILITY = YES_AGGRESSIVE;
				CLANG_WARN_UNREACHABLE_CODE = YES;
				CLANG_WARN__DUPLICATE_METHOD_MATCH = YES;
				COPY_PHASE_STRIP = NO;
				DEBUG_INFORMATION_FORMAT = "dwarf-with-dsym";
				ENABLE_NS_ASSERTIONS = NO;
				ENABLE_STRICT_OBJC_MSGSEND = YES;
				GCC_C_LANGUAGE_STANDARD = gnu11;
				GCC_NO_COMMON_BLOCKS = YES;
				GCC_WARN_64_TO_32_BIT_CONVERSION = YES;
				GCC_WARN_ABOUT_RETURN_TYPE = YES_ERROR;
				GCC_WARN_UNDECLARED_SELECTOR = YES;
				GCC_WARN_UNINITIALIZED_AUTOS = YES_AGGRESSIVE;
				GCC_WARN_UNUSED_FUNCTION = YES;
				GCC_WARN_UNUSED_VARIABLE = YES;
				IPHONEOS_DEPLOYMENT_TARGET = 16.2;
				MTL_ENABLE_DEBUG_INFO = NO;
				MTL_FAST_MATH = YES;
				SDKROOT = iphoneos;
				SWIFT_COMPILATION_MODE = wholemodule;
				SWIFT_OPTIMIZATION_LEVEL = "-O";
				VALIDATE_PRODUCT = YES;
			};
			name = Release;
		};
		E2EFC12F2A9C2BCF00F3ECEB /* Debug */ = {
			isa = XCBuildConfiguration;
			buildSettings = {
				ASSETCATALOG_COMPILER_APPICON_NAME = AppIcon;
				ASSETCATALOG_COMPILER_GLOBAL_ACCENT_COLOR_NAME = AccentColor;
				CODE_SIGN_STYLE = Automatic;
				CURRENT_PROJECT_VERSION = 1;
				DEVELOPMENT_ASSET_PATHS = "\"webView_example/Preview Content\"";
				DEVELOPMENT_TEAM = DZN5S633Y2;
				ENABLE_PREVIEWS = YES;
				GENERATE_INFOPLIST_FILE = YES;
				INFOPLIST_KEY_UIApplicationSceneManifest_Generation = YES;
				INFOPLIST_KEY_UIApplicationSupportsIndirectInputEvents = YES;
				INFOPLIST_KEY_UILaunchScreen_Generation = YES;
				INFOPLIST_KEY_UISupportedInterfaceOrientations_iPad = "UIInterfaceOrientationPortrait UIInterfaceOrientationPortraitUpsideDown UIInterfaceOrientationLandscapeLeft UIInterfaceOrientationLandscapeRight";
				INFOPLIST_KEY_UISupportedInterfaceOrientations_iPhone = "UIInterfaceOrientationPortrait UIInterfaceOrientationLandscapeLeft UIInterfaceOrientationLandscapeRight";
				LD_RUNPATH_SEARCH_PATHS = (
					"$(inherited)",
					"@executable_path/Frameworks",
				);
				MARKETING_VERSION = 1.0;
				PRODUCT_BUNDLE_IDENTIFIER = "com.rodofikis.webView-example";
				PRODUCT_NAME = "$(TARGET_NAME)";
				SWIFT_EMIT_LOC_STRINGS = YES;
				SWIFT_VERSION = 5.0;
				TARGETED_DEVICE_FAMILY = "1,2";
			};
			name = Debug;
		};
		E2EFC1302A9C2BCF00F3ECEB /* Release */ = {
			isa = XCBuildConfiguration;
			buildSettings = {
				ASSETCATALOG_COMPILER_APPICON_NAME = AppIcon;
				ASSETCATALOG_COMPILER_GLOBAL_ACCENT_COLOR_NAME = AccentColor;
				CODE_SIGN_STYLE = Automatic;
				CURRENT_PROJECT_VERSION = 1;
				DEVELOPMENT_ASSET_PATHS = "\"webView_example/Preview Content\"";
				DEVELOPMENT_TEAM = DZN5S633Y2;
				ENABLE_PREVIEWS = YES;
				GENERATE_INFOPLIST_FILE = YES;
				INFOPLIST_KEY_UIApplicationSceneManifest_Generation = YES;
				INFOPLIST_KEY_UIApplicationSupportsIndirectInputEvents = YES;
				INFOPLIST_KEY_UILaunchScreen_Generation = YES;
				INFOPLIST_KEY_UISupportedInterfaceOrientations_iPad = "UIInterfaceOrientationPortrait UIInterfaceOrientationPortraitUpsideDown UIInterfaceOrientationLandscapeLeft UIInterfaceOrientationLandscapeRight";
				INFOPLIST_KEY_UISupportedInterfaceOrientations_iPhone = "UIInterfaceOrientationPortrait UIInterfaceOrientationLandscapeLeft UIInterfaceOrientationLandscapeRight";
				LD_RUNPATH_SEARCH_PATHS = (
					"$(inherited)",
					"@executable_path/Frameworks",
				);
				MARKETING_VERSION = 1.0;
				PRODUCT_BUNDLE_IDENTIFIER = "com.rodofikis.webView-example";
				PRODUCT_NAME = "$(TARGET_NAME)";
				SWIFT_EMIT_LOC_STRINGS = YES;
				SWIFT_VERSION = 5.0;
				TARGETED_DEVICE_FAMILY = "1,2";
			};
			name = Release;
		};
/* End XCBuildConfiguration section */

/* Begin XCConfigurationList section */
		E2EFC11B2A9C2BCD00F3ECEB /* Build configuration list for PBXProject "webView_example" */ = {
			isa = XCConfigurationList;
			buildConfigurations = (
				E2EFC12C2A9C2BCF00F3ECEB /* Debug */,
				E2EFC12D2A9C2BCF00F3ECEB /* Release */,
			);
			defaultConfigurationIsVisible = 0;
			defaultConfigurationName = Release;
		};
		E2EFC12E2A9C2BCF00F3ECEB /* Build configuration list for PBXNativeTarget "webView_example" */ = {
			isa = XCConfigurationList;
			buildConfigurations = (
				E2EFC12F2A9C2BCF00F3ECEB /* Debug */,
				E2EFC1302A9C2BCF00F3ECEB /* Release */,
			);
			defaultConfigurationIsVisible = 0;
			defaultConfigurationName = Release;
		};
/* End XCConfigurationList section */
	};
	rootObject = E2EFC1182A9C2BCD00F3ECEB /* Project object */;
}
